github.com/ghodss/yaml v1.0.0 h1:wQHKEahhL6wmXdzwWG11gIVCkOv05bNOh+Rxn0yngAk=
github.com/ghodss/yaml v1.0.0/go.mod h1:4dBDuWmgqj2HViK6kFavaiC9ZROes6MMH2rRYeMEF04=
github.com/smallstep/pkcs7 v0.0.0-20231107075624-be1870d87d13 h1:qRxEt9ESQhAg1kjmgJ8oyyzlc9zkAjOooe7bcKjKORQ=
github.com/smallstep/pkcs7 v0.0.0-20231107075624-be1870d87d13/go.mod h1:SoUAr/4M46rZ3WaLstHxGhLEgoYIDRqxQEXLOmOEB0Y=
github.com/usbarmory/tamago v0.0.0-20221201111136-9bb9b42304fa h1:Z55kgs/ZdkmlA0jioXlfTtw0icU9ZLwS7MHmYbcJgIA=
github.com/usbarmory/tamago v0.0.0-20221201111136-9bb9b42304fa/go.mod h1:0TRKk2QXwB24gVi0TgQrvu1yGyiiLDCIBE87UMAmZHE=
go.mozilla.org/pkcs7 v0.0.0-20210826202110-33d05740a352 h1:CCriYyAfq1Br1aIYettdHZTy8mBTIPo7We18TuO/bak=
go.mozilla.org/pkcs7 v0.0.0-20210826202110-33d05740a352/go.mod h1:SNgMg+EgDFwmvSmLRTNKC5fegJjB7v23qTQ0XLGUNHk=
golang.org/x/sync v0.1.0 h1:wsuoTGHzEhffawBOhz5CYhcrV4IdKZbEyZjBMuTp12o=
golang.org/x/sync v0.1.0/go.mod h1:RxMgew5VJxzue5/jJTE5uejpjVlOe/izrB70Jof72aM=
gopkg.in/check.v1 v0.0.0-20161208181325-20d25e280405 h1:yhCVgyC4o1eVCa2tZl7eS0r+SDo693bJlVdllGtEeKM=
gopkg.in/check.v1 v0.0.0-20161208181325-20d25e280405/go.mod h1:Co6ibVJAznAaIkqp8huTwlJQCZ016jof/cbN4VW5Yz0=
gopkg.in/yaml.v2 v2.4.0 h1:D8xgwECY7CYvx+Y2n4sBz93Jn9JRvxdiyyo8CTfuKaY=
gopkg.in/yaml.v2 v2.4.0/go.mod h1:RDklbk79AGWmwhnvt/jBztapEOGDOx6ZbXqjP6csGnQ=
